
Microsoft Visual Studio Solution File, Format Version 12.00
# Visual Studio Version 16
VisualStudioVersion = 16.0.33529.622
MinimumVisualStudioVersion = 10.0.40219.1
Project("{FAE04EC0-301F-11D3-BF4B-00C04F79EFBC}") = "Factory", "Factory\Factory.csproj", "{5A44FB96-6EA4-45D8-8A97-93BF058393F5}"
EndProject
Project("{FAE04EC0-301F-11D3-BF4B-00C04F79EFBC}") = "Facade", "Facade\Facade.csproj", "{8E86D3CE-0E1A-459F-BD68-8D3EF315BEB0}"
EndProject
Global
	GlobalSection(SolutionConfigurationPlatforms) = preSolution
		Debug|Any CPU = Debug|Any CPU
		Release|Any CPU = Release|Any CPU
	EndGlobalSection
	GlobalSection(ProjectConfigurationPlatforms) = postSolution
		{5A44FB96-6EA4-45D8-8A97-93BF058393F5}.Debug|Any CPU.ActiveCfg = Debug|Any CPU
		{5A44FB96-6EA4-45D8-8A97-93BF058393F5}.Debug|Any CPU.Build.0 = Debug|Any CPU
		{5A44FB96-6EA4-45D8-8A97-93BF058393F5}.Release|Any CPU.ActiveCfg = Release|Any CPU
		{5A44FB96-6EA4-45D8-8A97-93BF058393F5}.Release|Any CPU.Build.0 = Release|Any CPU
		{8E86D3CE-0E1A-459F-BD68-8D3EF315BEB0}.Debug|Any CPU.ActiveCfg = Debug|Any CPU
		{8E86D3CE-0E1A-459F-BD68-8D3EF315BEB0}.Debug|Any CPU.Build.0 = Debug|Any CPU
		{8E86D3CE-0E1A-459F-BD68-8D3EF315BEB0}.Release|Any CPU.ActiveCfg = Release|Any CPU
		{8E86D3CE-0E1A-459F-BD68-8D3EF315BEB0}.Release|Any CPU.Build.0 = Release|Any CPU
	EndGlobalSection
	GlobalSection(SolutionProperties) = preSolution
		HideSolutionNode = FALSE
	EndGlobalSection
	GlobalSection(ExtensibilityGlobals) = postSolution
		SolutionGuid = {A053C2BC-0593-49BD-A1F5-10318638BC4D}
	EndGlobalSection
EndGlobal
